
Microsoft Visual Studio Solution File, Format Version 12.00
# Visual Studio Version 16
VisualStudioVersion = 16.0.30128.74
MinimumVisualStudioVersion = 10.0.40219.1
Project("{9A19103F-16F7-4668-BE54-9A1E7A4F7556}") = "Ds.Businness", "Ds.Businness\Ds.Businness.csproj", "{86ACF67E-CFFA-48B0-A675-E2F88503083D}"
EndProject
Project("{9A19103F-16F7-4668-BE54-9A1E7A4F7556}") = "Ds.Api", "Ds.Api\Ds.Api.csproj", "{B18FB40A-C440-421E-A86F-6E8D106C7BF5}"
EndProject
Project("{9A19103F-16F7-4668-BE54-9A1E7A4F7556}") = "Ds.Data", "Ds.Data\Ds.Data.csproj", "{99C3970E-9D98-41CA-BF9A-917D3FF68DEA}"
EndProject
Global
	GlobalSection(SolutionConfigurationPlatforms) = preSolution
		Debug|Any CPU = Debug|Any CPU
		Release|Any CPU = Release|Any CPU
	EndGlobalSection
	GlobalSection(ProjectConfigurationPlatforms) = postSolution
		{86ACF67E-CFFA-48B0-A675-E2F88503083D}.Debug|Any CPU.ActiveCfg = Debug|Any CPU
		{86ACF67E-CFFA-48B0-A675-E2F88503083D}.Debug|Any CPU.Build.0 = Debug|Any CPU
		{86ACF67E-CFFA-48B0-A675-E2F88503083D}.Release|Any CPU.ActiveCfg = Release|Any CPU
		{86ACF67E-CFFA-48B0-A675-E2F88503083D}.Release|Any CPU.Build.0 = Release|Any CPU
		{B18FB40A-C440-421E-A86F-6E8D106C7BF5}.Debug|Any CPU.ActiveCfg = Debug|Any CPU
		{B18FB40A-C440-421E-A86F-6E8D106C7BF5}.Debug|Any CPU.Build.0 = Debug|Any CPU
		{B18FB40A-C440-421E-A86F-6E8D106C7BF5}.Release|Any CPU.ActiveCfg = Release|Any CPU
		{B18FB40A-C440-421E-A86F-6E8D106C7BF5}.Release|Any CPU.Build.0 = Release|Any CPU
		{99C3970E-9D98-41CA-BF9A-917D3FF68DEA}.Debug|Any CPU.ActiveCfg = Debug|Any CPU
		{99C3970E-9D98-41CA-BF9A-917D3FF68DEA}.Debug|Any CPU.Build.0 = Debug|Any CPU
		{99C3970E-9D98-41CA-BF9A-917D3FF68DEA}.Release|Any CPU.ActiveCfg = Release|Any CPU
		{99C3970E-9D98-41CA-BF9A-917D3FF68DEA}.Release|Any CPU.Build.0 = Release|Any CPU
	EndGlobalSection
	GlobalSection(SolutionProperties) = preSolution
		HideSolutionNode = FALSE
	EndGlobalSection
	GlobalSection(ExtensibilityGlobals) = postSolution
		SolutionGuid = {F61BCA51-6202-4637-AEF1-97D81AF05CFC}
	EndGlobalSection
EndGlobal
